
Microsoft Visual Studio Solution File, Format Version 12.00
# Visual Studio Version 16
VisualStudioVersion = 16.0.31515.178
MinimumVisualStudioVersion = 10.0.40219.1
Project("{FAE04EC0-301F-11D3-BF4B-00C04F79EFBC}") = "ShopOnline", "ShopOnline\ShopOnline.csproj", "{B1AD164D-C2FF-401D-B149-BB73697461A4}"
EndProject
Global
	GlobalSection(SolutionConfigurationPlatforms) = preSolution
		Debug|Any CPU = Debug|Any CPU
		Release|Any CPU = Release|Any CPU
	EndGlobalSection
	GlobalSection(ProjectConfigurationPlatforms) = postSolution
		{B1AD164D-C2FF-401D-B149-BB73697461A4}.Debug|Any CPU.ActiveCfg = Debug|Any CPU
		{B1AD164D-C2FF-401D-B149-BB73697461A4}.Debug|Any CPU.Build.0 = Debug|Any CPU
		{B1AD164D-C2FF-401D-B149-BB73697461A4}.Release|Any CPU.ActiveCfg = Release|Any CPU
		{B1AD164D-C2FF-401D-B149-BB73697461A4}.Release|Any CPU.Build.0 = Release|Any CPU
	EndGlobalSection
	GlobalSection(SolutionProperties) = preSolution
		HideSolutionNode = FALSE
	EndGlobalSection
	GlobalSection(ExtensibilityGlobals) = postSolution
		SolutionGuid = {8DC0C9FF-712B-4A85-95AE-CBF5D96F9772}
	EndGlobalSection
EndGlobal
