
Microsoft Visual Studio Solution File, Format Version 12.00
# Visual Studio Version 16
VisualStudioVersion = 16.0.31515.178
MinimumVisualStudioVersion = 10.0.40219.1
Project("{FAE04EC0-301F-11D3-BF4B-00C04F79EFBC}") = "ShopOnline", "ShopOnline\ShopOnline.csproj", "{51F4C5B2-0BAB-46F1-9D61-3A9C4A645D46}"
EndProject
Global
	GlobalSection(SolutionConfigurationPlatforms) = preSolution
		Debug|Any CPU = Debug|Any CPU
		Release|Any CPU = Release|Any CPU
	EndGlobalSection
	GlobalSection(ProjectConfigurationPlatforms) = postSolution
		{51F4C5B2-0BAB-46F1-9D61-3A9C4A645D46}.Debug|Any CPU.ActiveCfg = Debug|Any CPU
		{51F4C5B2-0BAB-46F1-9D61-3A9C4A645D46}.Debug|Any CPU.Build.0 = Debug|Any CPU
		{51F4C5B2-0BAB-46F1-9D61-3A9C4A645D46}.Release|Any CPU.ActiveCfg = Release|Any CPU
		{51F4C5B2-0BAB-46F1-9D61-3A9C4A645D46}.Release|Any CPU.Build.0 = Release|Any CPU
	EndGlobalSection
	GlobalSection(SolutionProperties) = preSolution
		HideSolutionNode = FALSE
	EndGlobalSection
	GlobalSection(ExtensibilityGlobals) = postSolution
		SolutionGuid = {8B5E6B4A-ACC7-4D44-BE21-8DC41D2305B2}
	EndGlobalSection
EndGlobal
